
Microsoft Visual Studio Solution File, Format Version 12.00
# Visual Studio Version 16
VisualStudioVersion = 16.0.29709.97
MinimumVisualStudioVersion = 10.0.40219.1
Project("{FAE04EC0-301F-11D3-BF4B-00C04F79EFBC}") = "Egyszamjatek", "Egyszamjatek.csproj", "{F84092C8-BF6E-43AB-B629-22FDBDB416EB}"
EndProject
Global
	GlobalSection(SolutionConfigurationPlatforms) = preSolution
		Debug|Any CPU = Debug|Any CPU
		Release|Any CPU = Release|Any CPU
	EndGlobalSection
	GlobalSection(ProjectConfigurationPlatforms) = postSolution
		{F84092C8-BF6E-43AB-B629-22FDBDB416EB}.Debug|Any CPU.ActiveCfg = Debug|Any CPU
		{F84092C8-BF6E-43AB-B629-22FDBDB416EB}.Debug|Any CPU.Build.0 = Debug|Any CPU
		{F84092C8-BF6E-43AB-B629-22FDBDB416EB}.Release|Any CPU.ActiveCfg = Release|Any CPU
		{F84092C8-BF6E-43AB-B629-22FDBDB416EB}.Release|Any CPU.Build.0 = Release|Any CPU
	EndGlobalSection
	GlobalSection(SolutionProperties) = preSolution
		HideSolutionNode = FALSE
	EndGlobalSection
	GlobalSection(ExtensibilityGlobals) = postSolution
		SolutionGuid = {A8E6482A-4C66-4297-8C67-A24D4A5499F3}
	EndGlobalSection
EndGlobal
