
Microsoft Visual Studio Solution File, Format Version 12.00
# Visual Studio Version 16
VisualStudioVersion = 16.0.29503.13
MinimumVisualStudioVersion = 10.0.40219.1
Project("{FAE04EC0-301F-11D3-BF4B-00C04F79EFBC}") = "WpfApp1", "WpfApp1\WpfApp1.csproj", "{8EB6D656-1997-4335-A933-917B8437A8B5}"
EndProject
Global
	GlobalSection(SolutionConfigurationPlatforms) = preSolution
		Debug|Any CPU = Debug|Any CPU
		Release|Any CPU = Release|Any CPU
	EndGlobalSection
	GlobalSection(ProjectConfigurationPlatforms) = postSolution
		{8EB6D656-1997-4335-A933-917B8437A8B5}.Debug|Any CPU.ActiveCfg = Debug|Any CPU
		{8EB6D656-1997-4335-A933-917B8437A8B5}.Debug|Any CPU.Build.0 = Debug|Any CPU
		{8EB6D656-1997-4335-A933-917B8437A8B5}.Release|Any CPU.ActiveCfg = Release|Any CPU
		{8EB6D656-1997-4335-A933-917B8437A8B5}.Release|Any CPU.Build.0 = Release|Any CPU
	EndGlobalSection
	GlobalSection(SolutionProperties) = preSolution
		HideSolutionNode = FALSE
	EndGlobalSection
	GlobalSection(ExtensibilityGlobals) = postSolution
		SolutionGuid = {B92E9B63-1C3B-4FCF-9181-73560C22001C}
	EndGlobalSection
EndGlobal
