
Microsoft Visual Studio Solution File, Format Version 12.00
# Visual Studio Version 16
VisualStudioVersion = 16.0.29503.13
MinimumVisualStudioVersion = 10.0.40219.1
Project("{FAE04EC0-301F-11D3-BF4B-00C04F79EFBC}") = "Proba", "Proba\Proba.csproj", "{A01850CE-B65A-410B-B4FC-4467BF76E97F}"
EndProject
Global
	GlobalSection(SolutionConfigurationPlatforms) = preSolution
		Debug|Any CPU = Debug|Any CPU
		Release|Any CPU = Release|Any CPU
	EndGlobalSection
	GlobalSection(ProjectConfigurationPlatforms) = postSolution
		{A01850CE-B65A-410B-B4FC-4467BF76E97F}.Debug|Any CPU.ActiveCfg = Debug|Any CPU
		{A01850CE-B65A-410B-B4FC-4467BF76E97F}.Debug|Any CPU.Build.0 = Debug|Any CPU
		{A01850CE-B65A-410B-B4FC-4467BF76E97F}.Release|Any CPU.ActiveCfg = Release|Any CPU
		{A01850CE-B65A-410B-B4FC-4467BF76E97F}.Release|Any CPU.Build.0 = Release|Any CPU
	EndGlobalSection
	GlobalSection(SolutionProperties) = preSolution
		HideSolutionNode = FALSE
	EndGlobalSection
	GlobalSection(ExtensibilityGlobals) = postSolution
		SolutionGuid = {1C163396-938B-41CD-8B2E-CC0DC6073880}
	EndGlobalSection
EndGlobal
