
Microsoft Visual Studio Solution File, Format Version 12.00
# Visual Studio Version 16
VisualStudioVersion = 16.0.29503.13
MinimumVisualStudioVersion = 10.0.40219.1
Project("{FAE04EC0-301F-11D3-BF4B-00C04F79EFBC}") = "40pont", "40pont\40pont.csproj", "{4E8CB56B-481D-4961-AD1E-A40C65D97B04}"
EndProject
Global
	GlobalSection(SolutionConfigurationPlatforms) = preSolution
		Debug|Any CPU = Debug|Any CPU
		Release|Any CPU = Release|Any CPU
	EndGlobalSection
	GlobalSection(ProjectConfigurationPlatforms) = postSolution
		{4E8CB56B-481D-4961-AD1E-A40C65D97B04}.Debug|Any CPU.ActiveCfg = Debug|Any CPU
		{4E8CB56B-481D-4961-AD1E-A40C65D97B04}.Debug|Any CPU.Build.0 = Debug|Any CPU
		{4E8CB56B-481D-4961-AD1E-A40C65D97B04}.Release|Any CPU.ActiveCfg = Release|Any CPU
		{4E8CB56B-481D-4961-AD1E-A40C65D97B04}.Release|Any CPU.Build.0 = Release|Any CPU
	EndGlobalSection
	GlobalSection(SolutionProperties) = preSolution
		HideSolutionNode = FALSE
	EndGlobalSection
	GlobalSection(ExtensibilityGlobals) = postSolution
		SolutionGuid = {828C5FC7-E80E-4CCB-9D94-3644DB2695EE}
	EndGlobalSection
EndGlobal
