
Microsoft Visual Studio Solution File, Format Version 12.00
# Visual Studio Version 16
VisualStudioVersion = 16.0.29503.13
MinimumVisualStudioVersion = 10.0.40219.1
Project("{FAE04EC0-301F-11D3-BF4B-00C04F79EFBC}") = "FIleOlvasasos", "FIleOlvasasos\FIleOlvasasos.csproj", "{336C4B92-6D88-4054-8AB9-2D1D1DC1030F}"
EndProject
Project("{2150E333-8FDC-42A3-9474-1A3956D46DE8}") = "Solution Items", "Solution Items", "{1CFEC865-862F-4252-AC9F-B3450D807A8B}"
	ProjectSection(SolutionItems) = preProject
		adatok.txt = adatok.txt
	EndProjectSection
EndProject
Global
	GlobalSection(SolutionConfigurationPlatforms) = preSolution
		Debug|Any CPU = Debug|Any CPU
		Release|Any CPU = Release|Any CPU
	EndGlobalSection
	GlobalSection(ProjectConfigurationPlatforms) = postSolution
		{336C4B92-6D88-4054-8AB9-2D1D1DC1030F}.Debug|Any CPU.ActiveCfg = Debug|Any CPU
		{336C4B92-6D88-4054-8AB9-2D1D1DC1030F}.Debug|Any CPU.Build.0 = Debug|Any CPU
		{336C4B92-6D88-4054-8AB9-2D1D1DC1030F}.Release|Any CPU.ActiveCfg = Release|Any CPU
		{336C4B92-6D88-4054-8AB9-2D1D1DC1030F}.Release|Any CPU.Build.0 = Release|Any CPU
	EndGlobalSection
	GlobalSection(SolutionProperties) = preSolution
		HideSolutionNode = FALSE
	EndGlobalSection
	GlobalSection(ExtensibilityGlobals) = postSolution
		SolutionGuid = {D5671BA1-9F46-4665-9DB3-DBE9171396E0}
	EndGlobalSection
EndGlobal
